
Microsoft Visual Studio Solution File, Format Version 12.00
# Visual Studio Version 16
VisualStudioVersion = 16.0.31729.503
MinimumVisualStudioVersion = 10.0.40219.1
Project("{FAE04EC0-301F-11D3-BF4B-00C04F79EFBC}") = "TermPP", "TermPP.csproj", "{B6C3E620-D8A6-4BB1-AFB7-1FB067AE30CC}"
EndProject
Project("{FAE04EC0-301F-11D3-BF4B-00C04F79EFBC}") = "BAL", "..\BAL\BAL.csproj", "{F6E069D5-B2FD-4116-BE9A-B44876A3FC88}"
EndProject
Project("{FAE04EC0-301F-11D3-BF4B-00C04F79EFBC}") = "DAL", "..\DAL\DAL.csproj", "{9B0BD355-714D-41A3-9FAD-06FFF7BC672F}"
EndProject
Global
	GlobalSection(SolutionConfigurationPlatforms) = preSolution
		Debug|Any CPU = Debug|Any CPU
		Release|Any CPU = Release|Any CPU
	EndGlobalSection
	GlobalSection(ProjectConfigurationPlatforms) = postSolution
		{B6C3E620-D8A6-4BB1-AFB7-1FB067AE30CC}.Debug|Any CPU.ActiveCfg = Debug|Any CPU
		{B6C3E620-D8A6-4BB1-AFB7-1FB067AE30CC}.Debug|Any CPU.Build.0 = Debug|Any CPU
		{B6C3E620-D8A6-4BB1-AFB7-1FB067AE30CC}.Release|Any CPU.ActiveCfg = Release|Any CPU
		{B6C3E620-D8A6-4BB1-AFB7-1FB067AE30CC}.Release|Any CPU.Build.0 = Release|Any CPU
		{F6E069D5-B2FD-4116-BE9A-B44876A3FC88}.Debug|Any CPU.ActiveCfg = Debug|Any CPU
		{F6E069D5-B2FD-4116-BE9A-B44876A3FC88}.Debug|Any CPU.Build.0 = Debug|Any CPU
		{F6E069D5-B2FD-4116-BE9A-B44876A3FC88}.Release|Any CPU.ActiveCfg = Release|Any CPU
		{F6E069D5-B2FD-4116-BE9A-B44876A3FC88}.Release|Any CPU.Build.0 = Release|Any CPU
		{9B0BD355-714D-41A3-9FAD-06FFF7BC672F}.Debug|Any CPU.ActiveCfg = Debug|Any CPU
		{9B0BD355-714D-41A3-9FAD-06FFF7BC672F}.Debug|Any CPU.Build.0 = Debug|Any CPU
		{9B0BD355-714D-41A3-9FAD-06FFF7BC672F}.Release|Any CPU.ActiveCfg = Release|Any CPU
		{9B0BD355-714D-41A3-9FAD-06FFF7BC672F}.Release|Any CPU.Build.0 = Release|Any CPU
	EndGlobalSection
	GlobalSection(SolutionProperties) = preSolution
		HideSolutionNode = FALSE
	EndGlobalSection
	GlobalSection(ExtensibilityGlobals) = postSolution
		SolutionGuid = {1135F40B-F18B-421B-9155-6DF21C002C24}
	EndGlobalSection
EndGlobal
